{
	"name": "@directus/specs",
	"version": "10.2.5",
	"lockfileVersion": 3,
	"requires": true,
	"packages": {
		"": {
			"name": "@directus/specs",
			"version": "10.2.5",
			"license": "BUSL-1.1",
			"dependencies": {
				"openapi3-ts": "4.2.1"
			},
			"devDependencies": {
				"npm-watch": "0.11.0",
				"swagger-cli": "4.0.4",
				"swagger-ui-watcher": "2.1.13"
			},
			"funding": {
				"url": "https://github.com/directus/directus?sponsor=1"
			}
		},
		"../../node_modules/.pnpm/npm-watch@0.11.0/node_modules/npm-watch": {
			"version": "0.11.0",
			"dev": true,
			"license": "MIT",
			"dependencies": {
				"nodemon": "^2.0.7",
				"through2": "^4.0.2"
			},
			"bin": {
				"npm-watch": "cli.js"
			},
			"devDependencies": {
				"crlf": "^1.1.1"
			}
		},
		"../../node_modules/.pnpm/openapi3-ts@4.2.1/node_modules/openapi3-ts": {
			"version": "4.2.1",
			"license": "MIT",
			"dependencies": {
				"yaml": "^2.3.4"
			},
			"devDependencies": {
				"@types/node": "^20.10.5",
				"@typescript-eslint/eslint-plugin": "^6.15.0",
				"@typescript-eslint/parser": "^6.15.0",
				"@vitest/coverage-v8": "^1.1.0",
				"coveralls": "^3.1.1",
				"eslint": "^8.56.0",
				"eslint-config-prettier": "^9.1.0",
				"eslint-plugin-prettier": "^5.1.0",
				"prettier": "^3.1.1",
				"rimraf": "^5.0.5",
				"typescript": "~5.3.3",
				"vite": "^5.0.10",
				"vitest": "^1.1.0",
				"vitest-teamcity-reporter": "^0.2.2"
			}
		},
		"../../node_modules/.pnpm/swagger-cli@4.0.4_openapi-types@12.1.3/node_modules/swagger-cli": {
			"version": "4.0.4",
			"dev": true,
			"license": "MIT",
			"dependencies": {
				"@apidevtools/swagger-cli": "4.0.4"
			},
			"bin": {
				"swagger-cli": "swagger-cli.js"
			},
			"engines": {
				"node": ">=10"
			}
		},
		"../../node_modules/.pnpm/swagger-ui-watcher@2.1.13/node_modules/swagger-ui-watcher": {
			"version": "2.1.13",
			"dev": true,
			"license": "ISC",
			"dependencies": {
				"chokidar": "^3.4.0",
				"commander": "^5.1.0",
				"express": "^4.17.1",
				"js-yaml": "^3.14.0",
				"json-refs": "^3.0.15",
				"open": "^7.0.4",
				"path": "^0.12.7",
				"socket.io": "^4.5.4",
				"swagger-editor-dist": "^3.11.1"
			},
			"bin": {
				"swagger-ui-watcher": "bin/swagger-ui-watcher.js"
			}
		},
		"node_modules/npm-watch": {
			"resolved": "../../node_modules/.pnpm/npm-watch@0.11.0/node_modules/npm-watch",
			"link": true
		},
		"node_modules/openapi3-ts": {
			"resolved": "../../node_modules/.pnpm/openapi3-ts@4.2.1/node_modules/openapi3-ts",
			"link": true
		},
		"node_modules/swagger-cli": {
			"resolved": "../../node_modules/.pnpm/swagger-cli@4.0.4_openapi-types@12.1.3/node_modules/swagger-cli",
			"link": true
		},
		"node_modules/swagger-ui-watcher": {
			"resolved": "../../node_modules/.pnpm/swagger-ui-watcher@2.1.13/node_modules/swagger-ui-watcher",
			"link": true
		}
	}
}
